
Microsoft Visual Studio Solution File, Format Version 12.00
# Visual Studio Version 17
VisualStudioVersion = 17.9.34728.123
MinimumVisualStudioVersion = 10.0.40219.1
Project("{FAE04EC0-301F-11D3-BF4B-00C04F79EFBC}") = "Ancify.SBM", "Ancify.SBM\Ancify.SBM.csproj", "{E3E5F83E-0877-4C78-A713-40561B59A37C}"
EndProject
Project("{FAE04EC0-301F-11D3-BF4B-00C04F79EFBC}") = "Ancify.SBM.Example", "Ancify.SBM.Example\Ancify.SBM.Example.csproj", "{925031A1-EF2F-4BE4-B196-94BA0D44998B}"
EndProject
Project("{FAE04EC0-301F-11D3-BF4B-00C04F79EFBC}") = "Ancify.SBM.SourceGen", "Ancify.SBM.SourceGen\Ancify.SBM.SourceGen.csproj", "{BD8FAAB3-DA39-45F1-B04E-F4D7A9732C4C}"
EndProject
Global
	GlobalSection(SolutionConfigurationPlatforms) = preSolution
		Debug|Any CPU = Debug|Any CPU
		Release|Any CPU = Release|Any CPU
	EndGlobalSection
	GlobalSection(ProjectConfigurationPlatforms) = postSolution
		{E3E5F83E-0877-4C78-A713-40561B59A37C}.Debug|Any CPU.ActiveCfg = Debug|Any CPU
		{E3E5F83E-0877-4C78-A713-40561B59A37C}.Debug|Any CPU.Build.0 = Debug|Any CPU
		{E3E5F83E-0877-4C78-A713-40561B59A37C}.Release|Any CPU.ActiveCfg = Release|Any CPU
		{E3E5F83E-0877-4C78-A713-40561B59A37C}.Release|Any CPU.Build.0 = Release|Any CPU
		{925031A1-EF2F-4BE4-B196-94BA0D44998B}.Debug|Any CPU.ActiveCfg = Debug|Any CPU
		{925031A1-EF2F-4BE4-B196-94BA0D44998B}.Debug|Any CPU.Build.0 = Debug|Any CPU
		{925031A1-EF2F-4BE4-B196-94BA0D44998B}.Release|Any CPU.ActiveCfg = Release|Any CPU
		{925031A1-EF2F-4BE4-B196-94BA0D44998B}.Release|Any CPU.Build.0 = Release|Any CPU
		{BD8FAAB3-DA39-45F1-B04E-F4D7A9732C4C}.Debug|Any CPU.ActiveCfg = Debug|Any CPU
		{BD8FAAB3-DA39-45F1-B04E-F4D7A9732C4C}.Debug|Any CPU.Build.0 = Debug|Any CPU
		{BD8FAAB3-DA39-45F1-B04E-F4D7A9732C4C}.Release|Any CPU.ActiveCfg = Release|Any CPU
		{BD8FAAB3-DA39-45F1-B04E-F4D7A9732C4C}.Release|Any CPU.Build.0 = Release|Any CPU
	EndGlobalSection
	GlobalSection(SolutionProperties) = preSolution
		HideSolutionNode = FALSE
	EndGlobalSection
	GlobalSection(ExtensibilityGlobals) = postSolution
		SolutionGuid = {F39906CD-56B9-447A-912F-F44124491289}
	EndGlobalSection
EndGlobal
